PODS:
  - APNSUtil (1.0.0):
    - ObjectMapper (~> 2.0.0)
  - ObjectMapper (2.0.0)

DEPENDENCIES:
  - APNSUtil (from `../`)

EXTERNAL SOURCES:
  APNSUtil:
    :path: ../

SPEC CHECKSUMS:
  APNSUtil: d1c3c6b2747ed363780886b1aaba486eaeea1c0c
  ObjectMapper: aed2570edabbd3c9b26c939e1cabdb6558f933e0

PODFILE CHECKSUM: 613e78454e33684404b49d733e0a3a475e0ef3f8

COCOAPODS: 1.4.0
