PODS:
  - APNSUtil (1.1.0):
    - ObjectMapper (~> 3.1)
  - ObjectMapper (3.1.0)

DEPENDENCIES:
  - APNSUtil (from `../`)

EXTERNAL SOURCES:
  APNSUtil:
    :path: ../

SPEC CHECKSUMS:
  APNSUtil: 773198a5bd978ac8417d947e408bfd0d3cb29047
  ObjectMapper: 20505058f54e5c3ca69e1d6de9897d152a5369a6

PODFILE CHECKSUM: 613e78454e33684404b49d733e0a3a475e0ef3f8

COCOAPODS: 1.4.0
